
Microsoft Visual Studio Solution File, Format Version 12.00
# Visual Studio Version 17
VisualStudioVersion = 17.1.32421.90
MinimumVisualStudioVersion = 10.0.40219.1
Project("{2150E333-8FDC-42A3-9474-1A3956D46DE8}") = "1.Data Acces Layer (Acceso Datos)", "1.Data Acces Layer (Acceso Datos)", "{3E84C607-77C8-4F41-A462-57CB0D3D80D9}"
EndProject
Project("{2150E333-8FDC-42A3-9474-1A3956D46DE8}") = "2.Buisness Logic Layer (Negocio)", "2.Buisness Logic Layer (Negocio)", "{39713347-D0F8-43FC-8A25-05654B951CCA}"
EndProject
Project("{2150E333-8FDC-42A3-9474-1A3956D46DE8}") = "3.Presentation Layer (Presentación)", "3.Presentation Layer (Presentación)", "{0D312159-B553-4BCD-9B99-4C431A9697BE}"
EndProject
Project("{2150E333-8FDC-42A3-9474-1A3956D46DE8}") = "7.Aspecto-Calculos", "7.Aspecto-Calculos", "{61829B25-ACD9-46F1-A45C-0DA2362713FC}"
EndProject
Project("{FAE04EC0-301F-11D3-BF4B-00C04F79EFBC}") = "Conexión", "Conexión\Conexión.csproj", "{4C61BD36-9DE6-40FD-9768-2C1B3B6EE6C1}"
EndProject
Project("{FAE04EC0-301F-11D3-BF4B-00C04F79EFBC}") = "Negocio", "Negocio\Negocio.csproj", "{C5CEE598-2CC0-4CB4-ACBB-CE755AFC17A6}"
EndProject
Project("{FAE04EC0-301F-11D3-BF4B-00C04F79EFBC}") = "Presentación", "Presentación\Presentación.csproj", "{97846DF0-B5D5-4BED-A60C-A54E7DE53F54}"
EndProject
Project("{FAE04EC0-301F-11D3-BF4B-00C04F79EFBC}") = "Estética", "Estética\Estética.csproj", "{96A39655-6EB0-4DE4-87BE-95B22D6CCB5F}"
EndProject
Project("{2150E333-8FDC-42A3-9474-1A3956D46DE8}") = "4.Business Entity (Entidades)", "4.Business Entity (Entidades)", "{50979FAA-6CBD-40A2-ACC7-5F27B5454681}"
EndProject
Project("{FAE04EC0-301F-11D3-BF4B-00C04F79EFBC}") = "Entidades", "Entidades\Entidades.csproj", "{D6ECA80E-806E-4BE1-9987-B161CF3D7865}"
EndProject
Project("{2150E333-8FDC-42A3-9474-1A3956D46DE8}") = "5.Mapper", "5.Mapper", "{12B919A1-3FC4-46A1-8BE2-A253F42E268E}"
EndProject
Project("{FAE04EC0-301F-11D3-BF4B-00C04F79EFBC}") = "Mapper", "Mapper\Mapper.csproj", "{C12BD00D-F388-4D34-89AB-E7B2ABCF16DE}"
EndProject
Project("{2150E333-8FDC-42A3-9474-1A3956D46DE8}") = "6.Abstract", "6.Abstract", "{CF4D1844-1F92-4798-A1D9-ACA0F20F4F81}"
EndProject
Project("{FAE04EC0-301F-11D3-BF4B-00C04F79EFBC}") = "Abstracción", "Abstracción\Abstracción.csproj", "{9AC84139-ABAA-4931-8CE5-F154E392DCF4}"
EndProject
Project("{FAE04EC0-301F-11D3-BF4B-00C04F79EFBC}") = "Calculo", "Calculos\Calculo.csproj", "{F2F04DFB-C02C-475C-BC94-5BF158BDD3DE}"
EndProject
Project("{2150E333-8FDC-42A3-9474-1A3956D46DE8}") = "8.Security", "8.Security", "{3CD2D8F1-9C39-4DE1-B698-E271A1A8FE0D}"
EndProject
Project("{FAE04EC0-301F-11D3-BF4B-00C04F79EFBC}") = "Security", "Security\Security.csproj", "{342B2EDD-BE53-4F6A-AEBF-CFFEC26BD181}"
EndProject
Global
	GlobalSection(SolutionConfigurationPlatforms) = preSolution
		Debug|Any CPU = Debug|Any CPU
		Release|Any CPU = Release|Any CPU
	EndGlobalSection
	GlobalSection(ProjectConfigurationPlatforms) = postSolution
		{4C61BD36-9DE6-40FD-9768-2C1B3B6EE6C1}.Debug|Any CPU.ActiveCfg = Debug|Any CPU
		{4C61BD36-9DE6-40FD-9768-2C1B3B6EE6C1}.Debug|Any CPU.Build.0 = Debug|Any CPU
		{4C61BD36-9DE6-40FD-9768-2C1B3B6EE6C1}.Release|Any CPU.ActiveCfg = Release|Any CPU
		{4C61BD36-9DE6-40FD-9768-2C1B3B6EE6C1}.Release|Any CPU.Build.0 = Release|Any CPU
		{C5CEE598-2CC0-4CB4-ACBB-CE755AFC17A6}.Debug|Any CPU.ActiveCfg = Debug|Any CPU
		{C5CEE598-2CC0-4CB4-ACBB-CE755AFC17A6}.Debug|Any CPU.Build.0 = Debug|Any CPU
		{C5CEE598-2CC0-4CB4-ACBB-CE755AFC17A6}.Release|Any CPU.ActiveCfg = Release|Any CPU
		{C5CEE598-2CC0-4CB4-ACBB-CE755AFC17A6}.Release|Any CPU.Build.0 = Release|Any CPU
		{97846DF0-B5D5-4BED-A60C-A54E7DE53F54}.Debug|Any CPU.ActiveCfg = Debug|Any CPU
		{97846DF0-B5D5-4BED-A60C-A54E7DE53F54}.Debug|Any CPU.Build.0 = Debug|Any CPU
		{97846DF0-B5D5-4BED-A60C-A54E7DE53F54}.Release|Any CPU.ActiveCfg = Release|Any CPU
		{97846DF0-B5D5-4BED-A60C-A54E7DE53F54}.Release|Any CPU.Build.0 = Release|Any CPU
		{96A39655-6EB0-4DE4-87BE-95B22D6CCB5F}.Debug|Any CPU.ActiveCfg = Debug|Any CPU
		{96A39655-6EB0-4DE4-87BE-95B22D6CCB5F}.Debug|Any CPU.Build.0 = Debug|Any CPU
		{96A39655-6EB0-4DE4-87BE-95B22D6CCB5F}.Release|Any CPU.ActiveCfg = Release|Any CPU
		{96A39655-6EB0-4DE4-87BE-95B22D6CCB5F}.Release|Any CPU.Build.0 = Release|Any CPU
		{D6ECA80E-806E-4BE1-9987-B161CF3D7865}.Debug|Any CPU.ActiveCfg = Debug|Any CPU
		{D6ECA80E-806E-4BE1-9987-B161CF3D7865}.Debug|Any CPU.Build.0 = Debug|Any CPU
		{D6ECA80E-806E-4BE1-9987-B161CF3D7865}.Release|Any CPU.ActiveCfg = Release|Any CPU
		{D6ECA80E-806E-4BE1-9987-B161CF3D7865}.Release|Any CPU.Build.0 = Release|Any CPU
		{C12BD00D-F388-4D34-89AB-E7B2ABCF16DE}.Debug|Any CPU.ActiveCfg = Debug|Any CPU
		{C12BD00D-F388-4D34-89AB-E7B2ABCF16DE}.Debug|Any CPU.Build.0 = Debug|Any CPU
		{C12BD00D-F388-4D34-89AB-E7B2ABCF16DE}.Release|Any CPU.ActiveCfg = Release|Any CPU
		{C12BD00D-F388-4D34-89AB-E7B2ABCF16DE}.Release|Any CPU.Build.0 = Release|Any CPU
		{9AC84139-ABAA-4931-8CE5-F154E392DCF4}.Debug|Any CPU.ActiveCfg = Debug|Any CPU
		{9AC84139-ABAA-4931-8CE5-F154E392DCF4}.Debug|Any CPU.Build.0 = Debug|Any CPU
		{9AC84139-ABAA-4931-8CE5-F154E392DCF4}.Release|Any CPU.ActiveCfg = Release|Any CPU
		{9AC84139-ABAA-4931-8CE5-F154E392DCF4}.Release|Any CPU.Build.0 = Release|Any CPU
		{F2F04DFB-C02C-475C-BC94-5BF158BDD3DE}.Debug|Any CPU.ActiveCfg = Debug|Any CPU
		{F2F04DFB-C02C-475C-BC94-5BF158BDD3DE}.Debug|Any CPU.Build.0 = Debug|Any CPU
		{F2F04DFB-C02C-475C-BC94-5BF158BDD3DE}.Release|Any CPU.ActiveCfg = Release|Any CPU
		{F2F04DFB-C02C-475C-BC94-5BF158BDD3DE}.Release|Any CPU.Build.0 = Release|Any CPU
		{342B2EDD-BE53-4F6A-AEBF-CFFEC26BD181}.Debug|Any CPU.ActiveCfg = Debug|Any CPU
		{342B2EDD-BE53-4F6A-AEBF-CFFEC26BD181}.Debug|Any CPU.Build.0 = Debug|Any CPU
		{342B2EDD-BE53-4F6A-AEBF-CFFEC26BD181}.Release|Any CPU.ActiveCfg = Release|Any CPU
		{342B2EDD-BE53-4F6A-AEBF-CFFEC26BD181}.Release|Any CPU.Build.0 = Release|Any CPU
	EndGlobalSection
	GlobalSection(SolutionProperties) = preSolution
		HideSolutionNode = FALSE
	EndGlobalSection
	GlobalSection(NestedProjects) = preSolution
		{4C61BD36-9DE6-40FD-9768-2C1B3B6EE6C1} = {3E84C607-77C8-4F41-A462-57CB0D3D80D9}
		{C5CEE598-2CC0-4CB4-ACBB-CE755AFC17A6} = {39713347-D0F8-43FC-8A25-05654B951CCA}
		{97846DF0-B5D5-4BED-A60C-A54E7DE53F54} = {0D312159-B553-4BCD-9B99-4C431A9697BE}
		{96A39655-6EB0-4DE4-87BE-95B22D6CCB5F} = {61829B25-ACD9-46F1-A45C-0DA2362713FC}
		{D6ECA80E-806E-4BE1-9987-B161CF3D7865} = {50979FAA-6CBD-40A2-ACC7-5F27B5454681}
		{C12BD00D-F388-4D34-89AB-E7B2ABCF16DE} = {12B919A1-3FC4-46A1-8BE2-A253F42E268E}
		{9AC84139-ABAA-4931-8CE5-F154E392DCF4} = {CF4D1844-1F92-4798-A1D9-ACA0F20F4F81}
		{F2F04DFB-C02C-475C-BC94-5BF158BDD3DE} = {61829B25-ACD9-46F1-A45C-0DA2362713FC}
		{342B2EDD-BE53-4F6A-AEBF-CFFEC26BD181} = {3CD2D8F1-9C39-4DE1-B698-E271A1A8FE0D}
	EndGlobalSection
	GlobalSection(ExtensibilityGlobals) = postSolution
		SolutionGuid = {F42253B8-3EBD-475B-9364-F623F685EC34}
	EndGlobalSection
EndGlobal
